lockfileVersion: '9.0'

settings:
  autoInstallPeers: true
  excludeLinksFromLockfile: false

importers:

  .:
    dependencies:
      '@svelteuidev/composables':
        specifier: 0.15.7
        version: 0.15.7(svelte@4.2.20)
      '@svelteuidev/core':
        specifier: 0.15.7
        version: 0.15.7(@svelteuidev/composables@0.15.7(svelte@4.2.20))(svelte@4.2.20)
      dompurify:
        specifier: ^3.4.2
        version: 3.4.8
      marked:
        specifier: ^18.0.3
        version: 18.0.4
      svelte:
        specifier: ^4.2.20
        version: 4.2.20
    devDependencies:
      '@sveltejs/vite-plugin-svelte':
        specifier: ^3.1.2
        version: 3.1.2(svelte@4.2.20)(vite@5.4.21(sass@1.100.0))
      '@tsconfig/svelte':
        specifier: ^5.0.4
        version: 5.0.8
      sass:
        specifier: ^1.100.0
        version: 1.100.0
      svelte-check:
        specifier: ^4.1.1
        version: 4.5.0(picomatch@4.0.4)(svelte@4.2.20)(typescript@5.9.3)
      svelte-preprocess:
        specifier: ^6.0.3
        version: 6.0.5(postcss@8.5.15)(sass@1.100.0)(svelte@4.2.20)(typescript@5.9.3)
      tslib:
        specifier: ^2.8.1
        version: 2.8.1
      typescript:
        specifier: ^5.9.3
        version: 5.9.3
      vite:
        specifier: ^5.4.21
        version: 5.4.21(sass@1.100.0)

packages:

  '@ampproject/remapping@2.3.0':
    resolution: {integrity: sha512-30iZtAPgz+LTIYoeivqYo853f02jBYSd5uGnGpkFV0M3xOt9aN73erkgYAmZU43x4VfqcnLxW9Kpg3R5LC4YYw==}
    engines: {node: '>=6.0.0'}

  '@esbuild/aix-ppc64@0.21.5':
    resolution: {integrity: sha512-1SDgH6ZSPTlggy1yI6+Dbkiz8xzpHJEVAlF/AM1tHPLsf5STom9rwtjE4hKAF20FfXXNTFqEYXyJNWh1GiZedQ==}
    engines: {node: '>=12'}
    cpu: [ppc64]
    os: [aix]

  '@esbuild/android-arm64@0.21.5':
    resolution: {integrity: sha512-c0uX9VAUBQ7dTDCjq+wdyGLowMdtR/GoC2U5IYk/7D1H1JYC0qseD7+11iMP2mRLN9RcCMRcjC4YMclCzGwS/A==}
    engines: {node: '>=12'}
    cpu: [arm64]
    os: [android]

  '@esbuild/android-arm@0.21.5':
    resolution: {integrity: sha512-vCPvzSjpPHEi1siZdlvAlsPxXl7WbOVUBBAowWug4rJHb68Ox8KualB+1ocNvT5fjv6wpkX6o/iEpbDrf68zcg==}
    engines: {node: '>=12'}
    cpu: [arm]
    os: [android]

  '@esbuild/android-x64@0.21.5':
    resolution: {integrity: sha512-D7aPRUUNHRBwHxzxRvp856rjUHRFW1SdQATKXH2hqA0kAZb1hKmi02OpYRacl0TxIGz/ZmXWlbZgjwWYaCakTA==}
    engines: {node: '>=12'}
    cpu: [x64]
    os: [android]

  '@esbuild/darwin-arm64@0.21.5':
    resolution: {integrity: sha512-DwqXqZyuk5AiWWf3UfLiRDJ5EDd49zg6O9wclZ7kUMv2WRFr4HKjXp/5t8JZ11QbQfUS6/cRCKGwYhtNAY88kQ==}
    engines: {node: '>=12'}
    cpu: [arm64]
    os: [darwin]

  '@esbuild/darwin-x64@0.21.5':
    resolution: {integrity: sha512-se/JjF8NlmKVG4kNIuyWMV/22ZaerB+qaSi5MdrXtd6R08kvs2qCN4C09miupktDitvh8jRFflwGFBQcxZRjbw==}
    engines: {node: '>=12'}
    cpu: [x64]
    os: [darwin]

  '@esbuild/freebsd-arm64@0.21.5':
    resolution: {integrity: sha512-5JcRxxRDUJLX8JXp/wcBCy3pENnCgBR9bN6JsY4OmhfUtIHe3ZW0mawA7+RDAcMLrMIZaf03NlQiX9DGyB8h4g==}
    engines: {node: '>=12'}
    cpu: [arm64]
    os: [freebsd]

  '@esbuild/freebsd-x64@0.21.5':
    resolution: {integrity: sha512-J95kNBj1zkbMXtHVH29bBriQygMXqoVQOQYA+ISs0/2l3T9/kj42ow2mpqerRBxDJnmkUDCaQT/dfNXWX/ZZCQ==}
    engines: {node: '>=12'}
    cpu: [x64]
    os: [freebsd]

  '@esbuild/linux-arm64@0.21.5':
    resolution: {integrity: sha512-ibKvmyYzKsBeX8d8I7MH/TMfWDXBF3db4qM6sy+7re0YXya+K1cem3on9XgdT2EQGMu4hQyZhan7TeQ8XkGp4Q==}
    engines: {node: '>=12'}
    cpu: [arm64]
    os: [linux]

  '@esbuild/linux-arm@0.21.5':
    resolution: {integrity: sha512-bPb5AHZtbeNGjCKVZ9UGqGwo8EUu4cLq68E95A53KlxAPRmUyYv2D6F0uUI65XisGOL1hBP5mTronbgo+0bFcA==}
    engines: {node: '>=12'}
    cpu: [arm]
    os: [linux]

  '@esbuild/linux-ia32@0.21.5':
    resolution: {integrity: sha512-YvjXDqLRqPDl2dvRODYmmhz4rPeVKYvppfGYKSNGdyZkA01046pLWyRKKI3ax8fbJoK5QbxblURkwK/MWY18Tg==}
    engines: {node: '>=12'}
    cpu: [ia32]
    os: [linux]

  '@esbuild/linux-loong64@0.21.5':
    resolution: {integrity: sha512-uHf1BmMG8qEvzdrzAqg2SIG/02+4/DHB6a9Kbya0XDvwDEKCoC8ZRWI5JJvNdUjtciBGFQ5PuBlpEOXQj+JQSg==}
    engines: {node: '>=12'}
    cpu: [loong64]
    os: [linux]

  '@esbuild/linux-mips64el@0.21.5':
    resolution: {integrity: sha512-IajOmO+KJK23bj52dFSNCMsz1QP1DqM6cwLUv3W1QwyxkyIWecfafnI555fvSGqEKwjMXVLokcV5ygHW5b3Jbg==}
    engines: {node: '>=12'}
    cpu: [mips64el]
    os: [linux]

  '@esbuild/linux-ppc64@0.21.5':
    resolution: {integrity: sha512-1hHV/Z4OEfMwpLO8rp7CvlhBDnjsC3CttJXIhBi+5Aj5r+MBvy4egg7wCbe//hSsT+RvDAG7s81tAvpL2XAE4w==}
    engines: {node: '>=12'}
    cpu: [ppc64]
    os: [linux]

  '@esbuild/linux-riscv64@0.21.5':
    resolution: {integrity: sha512-2HdXDMd9GMgTGrPWnJzP2ALSokE/0O5HhTUvWIbD3YdjME8JwvSCnNGBnTThKGEB91OZhzrJ4qIIxk/SBmyDDA==}
    engines: {node: '>=12'}
    cpu: [riscv64]
    os: [linux]

  '@esbuild/linux-s390x@0.21.5':
    resolution: {integrity: sha512-zus5sxzqBJD3eXxwvjN1yQkRepANgxE9lgOW2qLnmr8ikMTphkjgXu1HR01K4FJg8h1kEEDAqDcZQtbrRnB41A==}
    engines: {node: '>=12'}
    cpu: [s390x]
    os: [linux]

  '@esbuild/linux-x64@0.21.5':
    resolution: {integrity: sha512-1rYdTpyv03iycF1+BhzrzQJCdOuAOtaqHTWJZCWvijKD2N5Xu0TtVC8/+1faWqcP9iBCWOmjmhoH94dH82BxPQ==}
    engines: {node: '>=12'}
    cpu: [x64]
    os: [linux]

  '@esbuild/netbsd-x64@0.21.5':
    resolution: {integrity: sha512-Woi2MXzXjMULccIwMnLciyZH4nCIMpWQAs049KEeMvOcNADVxo0UBIQPfSmxB3CWKedngg7sWZdLvLczpe0tLg==}
    engines: {node: '>=12'}
    cpu: [x64]
    os: [netbsd]

  '@esbuild/openbsd-x64@0.21.5':
    resolution: {integrity: sha512-HLNNw99xsvx12lFBUwoT8EVCsSvRNDVxNpjZ7bPn947b8gJPzeHWyNVhFsaerc0n3TsbOINvRP2byTZ5LKezow==}
    engines: {node: '>=12'}
    cpu: [x64]
    os: [openbsd]

  '@esbuild/sunos-x64@0.21.5':
    resolution: {integrity: sha512-6+gjmFpfy0BHU5Tpptkuh8+uw3mnrvgs+dSPQXQOv3ekbordwnzTVEb4qnIvQcYXq6gzkyTnoZ9dZG+D4garKg==}
    engines: {node: '>=12'}
    cpu: [x64]
    os: [sunos]

  '@esbuild/win32-arm64@0.21.5':
    resolution: {integrity: sha512-Z0gOTd75VvXqyq7nsl93zwahcTROgqvuAcYDUr+vOv8uHhNSKROyU961kgtCD1e95IqPKSQKH7tBTslnS3tA8A==}
    engines: {node: '>=12'}
    cpu: [arm64]
    os: [win32]

  '@esbuild/win32-ia32@0.21.5':
    resolution: {integrity: sha512-SWXFF1CL2RVNMaVs+BBClwtfZSvDgtL//G/smwAc5oVK/UPu2Gu9tIaRgFmYFFKrmg3SyAjSrElf0TiJ1v8fYA==}
    engines: {node: '>=12'}
    cpu: [ia32]
    os: [win32]

  '@esbuild/win32-x64@0.21.5':
    resolution: {integrity: sha512-tQd/1efJuzPC6rCFwEvLtci/xNFcTZknmXs98FYDfGE4wP9ClFV98nyKrzJKVPMhdDnjzLhdUyMX4PsQAPjwIw==}
    engines: {node: '>=12'}
    cpu: [x64]
    os: [win32]

  '@floating-ui/core@1.7.5':
    resolution: {integrity: sha512-1Ih4WTWyw0+lKyFMcBHGbb5U5FtuHJuujoyyr5zTaWS5EYMeT6Jb2AuDeftsCsEuchO+mM2ij5+q9crhydzLhQ==}

  '@floating-ui/dom@1.2.8':
    resolution: {integrity: sha512-XLwhYV90MxiHDq6S0rzFZj00fnDM+A1R9jhSioZoMsa7G0Q0i+Q4x40ajR8FHSdYDE1bgjG45mIWe6jtv9UPmg==}

  '@floating-ui/utils@0.2.11':
    resolution: {integrity: sha512-RiB/yIh78pcIxl6lLMG0CgBXAZ2Y0eVHqMPYugu+9U0AeT6YBeiJpf7lbdJNIugFP5SIjwNRgo4DhR1Qxi26Gg==}

  '@jridgewell/gen-mapping@0.3.13':
    resolution: {integrity: sha512-2kkt/7niJ6MgEPxF0bYdQ6etZaA+fQvDcLKckhy1yIQOzaoKjBBjSj63/aLVjYE3qhRt5dvM+uUyfCg6UKCBbA==}

  '@jridgewell/resolve-uri@3.1.2':
    resolution: {integrity: sha512-bRISgCIjP20/tbWSPWMEi54QVPRZExkuD9lJL+UIxUKtwVJA8wW1Trb1jMs1RFXo1CBTNZ/5hpC9QvmKWdopKw==}
    engines: {node: '>=6.0.0'}

  '@jridgewell/sourcemap-codec@1.5.5':
    resolution: {integrity: sha512-cYQ9310grqxueWbl+WuIUIaiUaDcj7WOq5fVhEljNVgRfOUhY9fy2zTvfoqWsnebh8Sl70VScFbICvJnLKB0Og==}

  '@jridgewell/trace-mapping@0.3.31':
    resolution: {integrity: sha512-zzNR+SdQSDJzc8joaeP8QQoCQr8NuYx2dIIytl1QeBEZHJ9uW6hebsrYgbz8hJwUQao3TWCMtmfV8Nu1twOLAw==}

  '@parcel/watcher-android-arm64@2.5.6':
    resolution: {integrity: sha512-YQxSS34tPF/6ZG7r/Ih9xy+kP/WwediEUsqmtf0cuCV5TPPKw/PQHRhueUo6JdeFJaqV3pyjm0GdYjZotbRt/A==}
    engines: {node: '>= 10.0.0'}
    cpu: [arm64]
    os: [android]

  '@parcel/watcher-darwin-arm64@2.5.6':
    resolution: {integrity: sha512-Z2ZdrnwyXvvvdtRHLmM4knydIdU9adO3D4n/0cVipF3rRiwP+3/sfzpAwA/qKFL6i1ModaabkU7IbpeMBgiVEA==}
    engines: {node: '>= 10.0.0'}
    cpu: [arm64]
    os: [darwin]

  '@parcel/watcher-darwin-x64@2.5.6':
    resolution: {integrity: sha512-HgvOf3W9dhithcwOWX9uDZyn1lW9R+7tPZ4sug+NGrGIo4Rk1hAXLEbcH1TQSqxts0NYXXlOWqVpvS1SFS4fRg==}
    engines: {node: '>= 10.0.0'}
    cpu: [x64]
    os: [darwin]

  '@parcel/watcher-freebsd-x64@2.5.6':
    resolution: {integrity: sha512-vJVi8yd/qzJxEKHkeemh7w3YAn6RJCtYlE4HPMoVnCpIXEzSrxErBW5SJBgKLbXU3WdIpkjBTeUNtyBVn8TRng==}
    engines: {node: '>= 10.0.0'}
    cpu: [x64]
    os: [freebsd]

  '@parcel/watcher-linux-arm-glibc@2.5.6':
    resolution: {integrity: sha512-9JiYfB6h6BgV50CCfasfLf/uvOcJskMSwcdH1PHH9rvS1IrNy8zad6IUVPVUfmXr+u+Km9IxcfMLzgdOudz9EQ==}
    engines: {node: '>= 10.0.0'}
    cpu: [arm]
    os: [linux]
    libc: [glibc]

  '@parcel/watcher-linux-arm-musl@2.5.6':
    resolution: {integrity: sha512-Ve3gUCG57nuUUSyjBq/MAM0CzArtuIOxsBdQ+ftz6ho8n7s1i9E1Nmk/xmP323r2YL0SONs1EuwqBp2u1k5fxg==}
    engines: {node: '>= 10.0.0'}
    cpu: [arm]
    os: [linux]
    libc: [musl]

  '@parcel/watcher-linux-arm64-glibc@2.5.6':
    resolution: {integrity: sha512-f2g/DT3NhGPdBmMWYoxixqYr3v/UXcmLOYy16Bx0TM20Tchduwr4EaCbmxh1321TABqPGDpS8D/ggOTaljijOA==}
    engines: {node: '>= 10.0.0'}
    cpu: [arm64]
    os: [linux]
    libc: [glibc]

  '@parcel/watcher-linux-arm64-musl@2.5.6':
    resolution: {integrity: sha512-qb6naMDGlbCwdhLj6hgoVKJl2odL34z2sqkC7Z6kzir8b5W65WYDpLB6R06KabvZdgoHI/zxke4b3zR0wAbDTA==}
    engines: {node: '>= 10.0.0'}
    cpu: [arm64]
    os: [linux]
    libc: [musl]

  '@parcel/watcher-linux-x64-glibc@2.5.6':
    resolution: {integrity: sha512-kbT5wvNQlx7NaGjzPFu8nVIW1rWqV780O7ZtkjuWaPUgpv2NMFpjYERVi0UYj1msZNyCzGlaCWEtzc+exjMGbQ==}
    engines: {node: '>= 10.0.0'}
    cpu: [x64]
    os: [linux]
    libc: [glibc]

  '@parcel/watcher-linux-x64-musl@2.5.6':
    resolution: {integrity: sha512-1JRFeC+h7RdXwldHzTsmdtYR/Ku8SylLgTU/reMuqdVD7CtLwf0VR1FqeprZ0eHQkO0vqsbvFLXUmYm/uNKJBg==}
    engines: {node: '>= 10.0.0'}
    cpu: [x64]
    os: [linux]
    libc: [musl]

  '@parcel/watcher-win32-arm64@2.5.6':
    resolution: {integrity: sha512-3ukyebjc6eGlw9yRt678DxVF7rjXatWiHvTXqphZLvo7aC5NdEgFufVwjFfY51ijYEWpXbqF5jtrK275z52D4Q==}
    engines: {node: '>= 10.0.0'}
    cpu: [arm64]
    os: [win32]

  '@parcel/watcher-win32-ia32@2.5.6':
    resolution: {integrity: sha512-k35yLp1ZMwwee3Ez/pxBi5cf4AoBKYXj00CZ80jUz5h8prpiaQsiRPKQMxoLstNuqe2vR4RNPEAEcjEFzhEz/g==}
    engines: {node: '>= 10.0.0'}
    cpu: [ia32]
    os: [win32]

  '@parcel/watcher-win32-x64@2.5.6':
    resolution: {integrity: sha512-hbQlYcCq5dlAX9Qx+kFb0FHue6vbjlf0FrNzSKdYK2APUf7tGfGxQCk2ihEREmbR6ZMc0MVAD5RIX/41gpUzTw==}
    engines: {node: '>= 10.0.0'}
    cpu: [x64]
    os: [win32]

  '@parcel/watcher@2.5.6':
    resolution: {integrity: sha512-tmmZ3lQxAe/k/+rNnXQRawJ4NjxO2hqiOLTHvWchtGZULp4RyFeh6aU4XdOYBFe2KE1oShQTv4AblOs2iOrNnQ==}
    engines: {node: '>= 10.0.0'}

  '@rollup/rollup-android-arm-eabi@4.61.0':
    resolution: {integrity: sha512-dnxczajOqt0gesZlN5pGQ1s1imQVrsmCw5G2Ci4oM+0WvNz3pyRnlWrT7McoZIb8VlFwCawdmbWRmxRn7HI+VQ==}
    cpu: [arm]
    os: [android]

  '@rollup/rollup-android-arm64@4.61.0':
    resolution: {integrity: sha512-Bp3JpGP00Vu3f238ivRrjf7z3xSzVPXqCmaJYA9t2c+c8vKYvOzmXF7LkkeUalTEGd6cZcSWe+PFIP3Vy48fRg==}
    cpu: [arm64]
    os: [android]

  '@rollup/rollup-darwin-arm64@4.61.0':
    resolution: {integrity: sha512-zaYIpr670mUmmZ1tVzUFplbQbG7h3Gugx3L5FoqhsC2m/YnLlR1a7zVLmXNPy+iY1tFPEbNG+HHBXZGyId0G5w==}
    cpu: [arm64]
    os: [darwin]

  '@rollup/rollup-darwin-x64@4.61.0':
    resolution: {integrity: sha512-+P49fvkv2dSoeevUW+lgZ/I2JHSsJCK1Lyjj7Cu6E4UHG4tS9XIefzIjo5qhgELjAclnen1rLzK2PMKJdo+Dyg==}
    cpu: [x64]
    os: [darwin]

  '@rollup/rollup-freebsd-arm64@4.61.0':
    resolution: {integrity: sha512-l3FAAOyKJXH2ea6KNFN+MMgC/rnE94YGLXs2ehYqDcCoHt1DpvgWX75BhUJxN38XojP7Ul+4H8PRn7EdyqSDrw==}
    cpu: [arm64]
    os: [freebsd]

  '@rollup/rollup-freebsd-x64@4.61.0':
    resolution: {integrity: sha512-VokPN3TSctKj65cyCNPaUh4vMFA8awxOot/0sp+4J7ZlNRKQEhXhawqPwajoi8H5ZFt61i0ugZJuTKXBjGJ17Q==}
    cpu: [x64]
    os: [freebsd]

  '@rollup/rollup-linux-arm-gnueabihf@4.61.0':
    resolution: {integrity: sha512-DxH0P3wxm+Yzs/p3zrk9dw1rURu8p0Nv5+MRK/L7OtnLNg5rLZraSBFZ8iUXOd9f2BlhJyEpIZUH/emjq4UJ4g==}
    cpu: [arm]
    os: [linux]
    libc: [glibc]

  '@rollup/rollup-linux-arm-musleabihf@4.61.0':
    resolution: {integrity: sha512-T6ZvMNe84kAz6TBWHC7hGAoEtzP1LWYw/AqayGWEF6uISt3Abk/st06LqRD9THd7Xz3NxzurUpzAuEAUbZf+nw==}
    cpu: [arm]
    os: [linux]
    libc: [musl]

  '@rollup/rollup-linux-arm64-gnu@4.61.0':
    resolution: {integrity: sha512-q/4hzvQkDs8b4jIBab1pnLiiM0ayTZsN2amBFPDzuyZxjEd4wDwx0UJFYM3cOZzSf5Kw8fnWSprJzIBMkcR44Q==}
    cpu: [arm64]
    os: [linux]
    libc: [glibc]

  '@rollup/rollup-linux-arm64-musl@4.61.0':
    resolution: {integrity: sha512-vvYWX3akdEAY6km+9wAqFDnk6pQsbJKVnj7xawcvs/+fdlYBGp+U+Qq/lLfpIxYIZvZLHMAKD9HLdacSx/r3dw==}
    cpu: [arm64]
    os: [linux]
    libc: [musl]

  '@rollup/rollup-linux-loong64-gnu@4.61.0':
    resolution: {integrity: sha512-DePa5cqOxDP/Zp0VOXpeWaGew5iIv5DXp9NYbzkX5PFQyWVX9184WCTh3hvr/7lhXo8ZVlbFLkz8+o/q1dU6gA==}
    cpu: [loong64]
    os: [linux]
    libc: [glibc]

  '@rollup/rollup-linux-loong64-musl@4.61.0':
    resolution: {integrity: sha512-LV8aWMB8UChglMCEzs7RkN0GsH29RJaLLqwm9fCIjlqwxQTiWAqNcc7wjBkH31hV0PU/yVxGYvrYsgfea2qw6g==}
    cpu: [loong64]
    os: [linux]
    libc: [musl]

  '@rollup/rollup-linux-ppc64-gnu@4.61.0':
    resolution: {integrity: sha512-QoNSnwQtaeNu5grdBbsL0tt1uyl5EnS8DA8Mr3nluMXbhdQNyhN+G4tBax7VCdxLKj8YJ0/4OO9Ho84jMnJtKA==}
    cpu: [ppc64]
    os: [linux]
    libc: [glibc]

  '@rollup/rollup-linux-ppc64-musl@4.61.0':
    resolution: {integrity: sha512-/zZp5MKapIIApE8trN8qLGNSiRN9TUoaUZ1cmVu4XnVdd5LQLOXTtyi+vtfUbNnT3iyjzpPqYeKXmvJ+gJGYWw==}
    cpu: [ppc64]
    os: [linux]
    libc: [musl]

  '@rollup/rollup-linux-riscv64-gnu@4.61.0':
    resolution: {integrity: sha512-RbrzcD3aJ1k3UbtMRRBNwojdVVyXjuVAFTfn/xPa6EEl6GE9Sm/akPgFTb9aAC9pMKGJ6CtWxaGrqWcabH+ySg==}
    cpu: [riscv64]
    os: [linux]
    libc: [glibc]

  '@rollup/rollup-linux-riscv64-musl@4.61.0':
    resolution: {integrity: sha512-ZF+onDsBso8PJf1XaG9lB+O9RnBpKGnY6OrzC4CSHrtC1jb6jWLTKK4bRqdoCXHd22gyr2hiYmEAm8Wns/BOCw==}
    cpu: [riscv64]
    os: [linux]
    libc: [musl]

  '@rollup/rollup-linux-s390x-gnu@4.61.0':
    resolution: {integrity: sha512-Atk0aSIk5Zx2Wuh9dgRQgLP0Koc8hOeYpbWryMXyk8G8/HmPkwPPkMqIIDhrXHHYqfUzSJA/I7IWSBv8xSmRBA==}
    cpu: [s390x]
    os: [linux]
    libc: [glibc]

  '@rollup/rollup-linux-x64-gnu@4.61.0':
    resolution: {integrity: sha512-0uMOcf3eZ5K+K4cYHkdxShFMPlPXCOdfDFEFn9dNYAEEd2cVvmOfH7zFgRVoDgmtQ1m9k5q7qfrHzyMAubKYUA==}
    cpu: [x64]
    os: [linux]
    libc: [glibc]

  '@rollup/rollup-linux-x64-musl@4.61.0':
    resolution: {integrity: sha512-mvFtE4A/t/7hRJ7X8Ozmu8FsIkAUat2nzl12pgU337BRmq87AQUJztwHz2Zv5/tjo9/C95E66CK03SI/ToEDJw==}
    cpu: [x64]
    os: [linux]
    libc: [musl]

  '@rollup/rollup-openbsd-x64@4.61.0':
    resolution: {integrity: sha512-z9b9+aTxvt8n2rNltMPvyaUfB8NJ+CVyOrGK/MdIKHx7B+lXmZpm/XbRsU7Rpf3fRqJ2uS6mBJiJveCtq8LHDg==}
    cpu: [x64]
    os: [openbsd]

  '@rollup/rollup-openharmony-arm64@4.61.0':
    resolution: {integrity: sha512-jXaXFqKMehsOc+g8R6oo33RRC6w07G9jDBxAE5eAKX7mOcCbZloYIPNhfG9Wl+P9O9IWHFO4OJgPi1Ml2qkt7w==}
    cpu: [arm64]
    os: [openharmony]

  '@rollup/rollup-win32-arm64-msvc@4.61.0':
    resolution: {integrity: sha512-OXNWVFocS2IA4+QplhTZZ2a+8hPZR7T8KuozsNmJKK8y7cp83StHvGksfHzPG3wczWTczyWHVQuqeiTUbjiyBg==}
    cpu: [arm64]
    os: [win32]

  '@rollup/rollup-win32-ia32-msvc@4.61.0':
    resolution: {integrity: sha512-AlAbNtBO637LxSldqV43z0FfXoGfl2TW1DgAg/bs7aQswFbDewz2SJm3BUhiGfbOVtW571xbc9p+REdxhyN/Eg==}
    cpu: [ia32]
    os: [win32]

  '@rollup/rollup-win32-x64-gnu@4.61.0':
    resolution: {integrity: sha512-QRSrQXyJ1M4tjNXdR0/G/IgV6lzfQQJYBjlWIEYkY2Xs86DRl/iEpQ4blMDjJxSl7n19eDKKXMg0AmuBVYy8pQ==}
    cpu: [x64]
    os: [win32]

  '@rollup/rollup-win32-x64-msvc@4.61.0':
    resolution: {integrity: sha512-tkuFxhvKO/HlGd0VsINF6vHSYH8AF8W0TcNxKDK6JZmrehngFj78pToc8iemtnvwilDjs2G/qSzYFhe9U8q+fw==}
    cpu: [x64]
    os: [win32]

  '@stitches/core@1.2.8':
    resolution: {integrity: sha512-Gfkvwk9o9kE9r9XNBmJRfV8zONvXThnm1tcuojL04Uy5uRyqg93DC83lDebl0rocZCfKSjUv+fWYtMQmEDJldg==}

  '@sveltejs/vite-plugin-svelte-inspector@2.1.0':
    resolution: {integrity: sha512-9QX28IymvBlSCqsCll5t0kQVxipsfhFFL+L2t3nTWfXnddYwxBuAEtTtlaVQpRz9c37BhJjltSeY4AJSC03SSg==}
    engines: {node: ^18.0.0 || >=20}
    peerDependencies:
      '@sveltejs/vite-plugin-svelte': ^3.0.0
      svelte: ^4.0.0 || ^5.0.0-next.0
      vite: ^5.0.0

  '@sveltejs/vite-plugin-svelte@3.1.2':
    resolution: {integrity: sha512-Txsm1tJvtiYeLUVRNqxZGKR/mI+CzuIQuc2gn+YCs9rMTowpNZ2Nqt53JdL8KF9bLhAf2ruR/dr9eZCwdTriRA==}
    engines: {node: ^18.0.0 || >=20}
    peerDependencies:
      svelte: ^4.0.0 || ^5.0.0-next.0
      vite: ^5.0.0

  '@svelteuidev/composables@0.15.7':
    resolution: {integrity: sha512-tVA+0bNtsYsJqlpNx9ZArzHFBJYfoKM+nspkv+wzOx40HsCg33MutqNexOvrMYSj5/tSxxBefLQKdwNumErF6Q==}
    peerDependencies:
      svelte: '>=3.55.0'

  '@svelteuidev/core@0.15.7':
    resolution: {integrity: sha512-lTUjQdGhiNK5as3mBZgsixNsgH/RcwhGdSQpc7wNEASkgJSyPsv2hiak/m4a78pDJ3owrRAWbURu17hE9eF/tw==}
    peerDependencies:
      '@svelteuidev/composables': 0.15.7
      svelte: '>=3.55.0'

  '@tsconfig/svelte@5.0.8':
    resolution: {integrity: sha512-UkNnw1/oFEfecR8ypyHIQuWYdkPvHiwcQ78sh+ymIiYoF+uc5H1UBetbjyqT+vgGJ3qQN6nhucJviX6HesWtKQ==}

  '@types/estree@1.0.9':
    resolution: {integrity: sha512-GhdPgy1el4/ImP05X05Uw4cw2/M93BCUmnEvWZNStlCzEKME4Fkk+YpoA5OiHNQmoS7Cafb8Xa3Pya8m1Qrzeg==}

  '@types/trusted-types@2.0.7':
    resolution: {integrity: sha512-ScaPdn1dQczgbl0QFTeTOmVHFULt394XJgOQNoyVhZ6r2vLnMLJfBPd53SB52T/3G36VI1/g2MZaX0cwDuXsfw==}

  acorn@8.16.0:
    resolution: {integrity: sha512-UVJyE9MttOsBQIDKw1skb9nAwQuR5wuGD3+82K6JgJlm/Y+KI92oNsMNGZCYdDsVtRHSak0pcV5Dno5+4jh9sw==}
    engines: {node: '>=0.4.0'}
    hasBin: true

  aria-query@5.3.2:
    resolution: {integrity: sha512-COROpnaoap1E2F000S62r6A60uHZnmlvomhfyT2DlTcrY1OrBKn2UhH7qn5wTC9zMvD0AY7csdPSNwKP+7WiQw==}
    engines: {node: '>= 0.4'}

  axobject-query@4.1.0:
    resolution: {integrity: sha512-qIj0G9wZbMGNLjLmg1PT6v2mE9AH2zlnADJD/2tC6E00hgmhUOfEB6greHPAfLRSufHqROIUTkw6E+M3lH0PTQ==}
    engines: {node: '>= 0.4'}

  chokidar@4.0.3:
    resolution: {integrity: sha512-Qgzu8kfBvo+cA4962jnP1KkS6Dop5NS6g7R5LFYJr4b8Ub94PPQXUksCw9PvXoeXPRRddRNC5C1JQUR2SMGtnA==}
    engines: {node: '>= 14.16.0'}

  chokidar@5.0.0:
    resolution: {integrity: sha512-TQMmc3w+5AxjpL8iIiwebF73dRDF4fBIieAqGn9RGCWaEVwQ6Fb2cGe31Yns0RRIzii5goJ1Y7xbMwo1TxMplw==}
    engines: {node: '>= 20.19.0'}

  code-red@1.0.4:
    resolution: {integrity: sha512-7qJWqItLA8/VPVlKJlFXU+NBlo/qyfs39aJcuMT/2ere32ZqvF5OSxgdM5xOfJJ7O429gg2HM47y8v9P+9wrNw==}

  css-tree@2.3.1:
    resolution: {integrity: sha512-6Fv1DV/TYw//QF5IzQdqsNDjx/wc8TrMBZsqjL9eW01tWb7R7k/mq+/VXfJCl7SoD5emsJop9cOByJZfs8hYIw==}
    engines: {node: ^10 || ^12.20.0 || ^14.13.0 || >=15.0.0}

  debug@4.4.3:
    resolution: {integrity: sha512-RGwwWnwQvkVfavKVt22FGLw+xYSdzARwm0ru6DhTVA3umU5hZc28V3kO4stgYryrTlLpuvgI9GiijltAjNbcqA==}
    engines: {node: '>=6.0'}
    peerDependencies:
      supports-color: '*'
    peerDependenciesMeta:
      supports-color:
        optional: true

  deepmerge@4.3.1:
    resolution: {integrity: sha512-3sUqbMEc77XqpdNO7FRyRog+eW3ph+GYCbj+rK+uYyRMuwsVy0rMiVtPn+QJlKFvWP/1PYpapqYn0Me2knFn+A==}
    engines: {node: '>=0.10.0'}

  detect-libc@2.1.2:
    resolution: {integrity: sha512-Btj2BOOO83o3WyH59e8MgXsxEQVcarkUOpEYrubB0urwnN10yQ364rsiByU11nZlqWYZm05i/of7io4mzihBtQ==}
    engines: {node: '>=8'}

  dompurify@3.4.8:
    resolution: {integrity: sha512-yb1cEmaOum7wFvOCSQxyfgVlv5D47Rc30iZWoMpbDIWTnJ6grDDQyu2KFJzB2k7u0pMuJcQ1zphH//fFnw2tjQ==}

  esbuild@0.21.5:
    resolution: {integrity: sha512-mg3OPMV4hXywwpoDxu3Qda5xCKQi+vCTZq8S9J/EpkhB2HzKXq4SNFZE3+NK93JYxc8VMSep+lOUSC/RVKaBqw==}
    engines: {node: '>=12'}
    hasBin: true

  estree-walker@3.0.3:
    resolution: {integrity: sha512-7RUKfXgSMMkzt6ZuXmqapOurLGPPfgj6l9uRZ7lRGolvk0y2yocc35LdcxKC5PQZdn2DMqioAQ2NoWcrTKmm6g==}

  fdir@6.5.0:
    resolution: {integrity: sha512-tIbYtZbucOs0BRGqPJkshJUYdL+SDH7dVM8gjy+ERp3WAUjLEFJE+02kanyHtwjWOnwrKYBiwAmM0p4kLJAnXg==}
    engines: {node: '>=12.0.0'}
    peerDependencies:
      picomatch: ^3 || ^4
    peerDependenciesMeta:
      picomatch:
        optional: true

  fsevents@2.3.3:
    resolution: {integrity: sha512-5xoDfX+fL7faATnagmWPpbFtwh/R77WmMMqqHGS65C3vvB0YHrgF+B1YmZ3441tMj5n63k0212XNoJwzlhffQw==}
    engines: {node: ^8.16.0 || ^10.6.0 || >=11.0.0}
    os: [darwin]

  immutable@5.1.6:
    resolution: {integrity: sha512-q1swsS8K7L8usSHuOqF2TAoCCkonYz0SG38wLAggaa4Wml70zixIvt2ql4coQ2C2B3hTjltJry4r6bULwgAXLQ==}

  is-extglob@2.1.1:
    resolution: {integrity: sha512-SbKbANkN603Vi4jEZv49LeVJMn4yGwsbzZworEoyEiutsN3nJYdbO36zfhGJ6QEDpOZIFkDtnq5JRxmvl3jsoQ==}
    engines: {node: '>=0.10.0'}

  is-glob@4.0.3:
    resolution: {integrity: sha512-xelSayHH36ZgE7ZWhli7pW34hNbNl8Ojv5KVmkJD4hBdD3th8Tfk9vYasLM+mXWOZhFkgZfxhLSnrwRr4elSSg==}
    engines: {node: '>=0.10.0'}

  is-reference@3.0.3:
    resolution: {integrity: sha512-ixkJoqQvAP88E6wLydLGGqCJsrFUnqoH6HnaczB8XmDH1oaWU+xxdptvikTgaEhtZ53Ky6YXiBuUI2WXLMCwjw==}

  kleur@4.1.5:
    resolution: {integrity: sha512-o+NO+8WrRiQEE4/7nwRJhN1HWpVmJm511pBHUxPLtp0BUISzlBplORYSmTclCnJvQq2tKu/sgl3xVpkc7ZWuQQ==}
    engines: {node: '>=6'}

  locate-character@3.0.0:
    resolution: {integrity: sha512-SW13ws7BjaeJ6p7Q6CO2nchbYEc3X3J6WrmTTDto7yMPqVSZTUyY5Tjbid+Ab8gLnATtygYtiDIJGQRRn2ZOiA==}

  magic-string@0.30.21:
    resolution: {integrity: sha512-vd2F4YUyEXKGcLHoq+TEyCjxueSeHnFxyyjNp80yg0XV4vUhnDer/lvvlqM/arB5bXQN5K2/3oinyCRyx8T2CQ==}

  marked@18.0.4:
    resolution: {integrity: sha512-c/BTaKzg0G6ezQx97DAkYU7k0HM6ys0FqYeKBL6hlBByZwy+ycA1+f0vDdjMHKKeEjdgkx0GOv9Il6D+85cOqA==}
    engines: {node: '>= 20'}
    hasBin: true

  mdn-data@2.0.30:
    resolution: {integrity: sha512-GaqWWShW4kv/G9IEucWScBx9G1/vsFZZJUO+tD26M8J8z3Kw5RDQjaoZe03YAClgeS/SWPOcb4nkFBTEi5DUEA==}

  mri@1.2.0:
    resolution: {integrity: sha512-tzzskb3bG8LvYGFF/mDTpq3jpI6Q9wc3LEmBaghu+DdCssd1FakN7Bc0hVNmEyGq1bq3RgfkCb3cmQLpNPOroA==}
    engines: {node: '>=4'}

  ms@2.1.3:
    resolution: {integrity: sha512-6FlzubTLZG3J2a/NVCAleEhjzq5oxgHyaCU9yYXvcLsvoVaHJq/s5xXI6/XXP6tz7R9xAOtHnSO/tXtF3WRTlA==}

  nanoid@3.3.12:
    resolution: {integrity: sha512-ZB9RH/39qpq5Vu6Y+NmUaFhQR6pp+M2Xt76XBnEwDaGcVAqhlvxrl3B2bKS5D3NH3QR76v3aSrKaF/Kiy7lEtQ==}
    engines: {node: ^10 || ^12 || ^13.7 || ^14 || >=15.0.1}
    hasBin: true

  node-addon-api@7.1.1:
    resolution: {integrity: sha512-5m3bsyrjFWE1xf7nz7YXdN4udnVtXK6/Yfgn5qnahL6bCkf2yKt4k3nuTKAtT4r3IG8JNR2ncsIMdZuAzJjHQQ==}

  periscopic@3.1.0:
    resolution: {integrity: sha512-vKiQ8RRtkl9P+r/+oefh25C3fhybptkHKCZSPlcXiJux2tJF55GnEj3BVn4A5gKfq9NWWXXrxkHBwVPUfH0opw==}

  picocolors@1.1.1:
    resolution: {integrity: sha512-xceH2snhtb5M9liqDsmEw56le376mTZkEX/jEb/RxNFyegNul7eNslCXP9FDj/Lcu0X8KEyMceP2ntpaHrDEVA==}

  picomatch@4.0.4:
    resolution: {integrity: sha512-QP88BAKvMam/3NxH6vj2o21R6MjxZUAd6nlwAS/pnGvN9IVLocLHxGYIzFhg6fUQ+5th6P4dv4eW9jX3DSIj7A==}
    engines: {node: '>=12'}

  postcss@8.5.15:
    resolution: {integrity: sha512-FfR8sjd4em2T6fb3I2MwAJU7HWVMr9zba+enmQeeWFfCbm+UOC/0X4DS8XtpUTMwWMGbjKYP7xjfNekzyGmB3A==}
    engines: {node: ^10 || ^12 || >=14}

  readdirp@4.1.2:
    resolution: {integrity: sha512-GDhwkLfywWL2s6vEjyhri+eXmfH6j1L7JE27WhqLeYzoh/A3DBaYGEj2H/HFZCn/kMfim73FXxEJTw06WtxQwg==}
    engines: {node: '>= 14.18.0'}

  readdirp@5.0.0:
    resolution: {integrity: sha512-9u/XQ1pvrQtYyMpZe7DXKv2p5CNvyVwzUB6uhLAnQwHMSgKMBR62lc7AHljaeteeHXn11XTAaLLUVZYVZyuRBQ==}
    engines: {node: '>= 20.19.0'}

  rollup@4.61.0:
    resolution: {integrity: sha512-T9mWdbWfQtp0B5lv/HX+wrhYsmXRlcWnXXmJbXqKJhlRaoS6KMhq0gpyzW4UJfclcxrEdLnTgjT2NjruLONu0g==}
    engines: {node: '>=18.0.0', npm: '>=8.0.0'}
    hasBin: true

  sade@1.8.1:
    resolution: {integrity: sha512-xal3CZX1Xlo/k4ApwCFrHVACi9fBqJ7V+mwhBsuf/1IOKbBy098Fex+Wa/5QMubw09pSZ/u8EY8PWgevJsXp1A==}
    engines: {node: '>=6'}

  sass@1.100.0:
    resolution: {integrity: sha512-B5j0rYMlinhhOo9tjQebMVVn0TfyXAF+wB3b2ggZUuJ/is/Y+7+JGjirAMxHZ9Z3hIP98NPfamlAkBHa1lAaXQ==}
    engines: {node: '>=20.19.0'}
    hasBin: true

  source-map-js@1.2.1:
    resolution: {integrity: sha512-UXWMKhLOwVKb728IUtQPXxfYU+usdybtUrK/8uGE8CQMvrhOpwvzDBwj0QhSL7MQc7vIsISBG8VQ8+IDQxpfQA==}
    engines: {node: '>=0.10.0'}

  svelte-check@4.5.0:
    resolution: {integrity: sha512-9lNwPxCLWniFvQIcEv1LFqjIxcFtO3smb5+5BKbRJ3ttL4o2lXCej5rLF4DAnfLPI66oaA81vAxw6ILdIWI7kA==}
    engines: {node: '>= 18.0.0'}
    hasBin: true
    peerDependencies:
      svelte: ^4.0.0 || ^5.0.0-next.0
      typescript: '>=5.0.0'

  svelte-hmr@0.16.0:
    resolution: {integrity: sha512-Gyc7cOS3VJzLlfj7wKS0ZnzDVdv3Pn2IuVeJPk9m2skfhcu5bq3wtIZyQGggr7/Iim5rH5cncyQft/kRLupcnA==}
    engines: {node: ^12.20 || ^14.13.1 || >= 16}
    peerDependencies:
      svelte: ^3.19.0 || ^4.0.0

  svelte-preprocess@6.0.5:
    resolution: {integrity: sha512-sgwew5yV/2eMeQobIWgAxCNarKwiTUDIc3siAUbq3sp0G6ONtzk0W+wJihMdqjbYb3iGU3ubpGv0usnnuXT3qg==}
    engines: {node: '>= 18.0.0'}
    peerDependencies:
      '@babel/core': ^7.10.2
      coffeescript: ^2.5.1
      less: ^3.11.3 || ^4.0.0
      postcss: ^7 || ^8
      postcss-load-config: '>=3'
      pug: ^3.0.0
      sass: ^1.26.8
      stylus: '>=0.55'
      sugarss: ^2.0.0 || ^3.0.0 || ^4.0.0
      svelte: ^4.0.0 || ^5.0.0-next.100 || ^5.0.0
      typescript: ^5.0.0 || ^6.0.0
    peerDependenciesMeta:
      '@babel/core':
        optional: true
      coffeescript:
        optional: true
      less:
        optional: true
      postcss:
        optional: true
      postcss-load-config:
        optional: true
      pug:
        optional: true
      sass:
        optional: true
      stylus:
        optional: true
      sugarss:
        optional: true
      typescript:
        optional: true

  svelte@4.2.20:
    resolution: {integrity: sha512-eeEgGc2DtiUil5ANdtd8vPwt9AgaMdnuUFnPft9F5oMvU/FHu5IHFic+p1dR/UOB7XU2mX2yHW+NcTch4DCh5Q==}
    engines: {node: '>=16'}

  tslib@2.8.1:
    resolution: {integrity: sha512-oJFu94HQb+KVduSUQL7wnpmqnfmLsOA/nAh6b6EH0wCEoK0/mPeXU6c3wKDV83MkOuHPRHtSXKKU99IBazS/2w==}

  typescript@5.9.3:
    resolution: {integrity: sha512-jl1vZzPDinLr9eUt3J/t7V6FgNEw9QjvBPdysz9KfQDD41fQrC2Y4vKQdiaUpFT4bXlb1RHhLpp8wtm6M5TgSw==}
    engines: {node: '>=14.17'}
    hasBin: true

  vite@5.4.21:
    resolution: {integrity: sha512-o5a9xKjbtuhY6Bi5S3+HvbRERmouabWbyUcpXXUA1u+GNUKoROi9byOJ8M0nHbHYHkYICiMlqxkg1KkYmm25Sw==}
    engines: {node: ^18.0.0 || >=20.0.0}
    hasBin: true
    peerDependencies:
      '@types/node': ^18.0.0 || >=20.0.0
      less: '*'
      lightningcss: ^1.21.0
      sass: '*'
      sass-embedded: '*'
      stylus: '*'
      sugarss: '*'
      terser: ^5.4.0
    peerDependenciesMeta:
      '@types/node':
        optional: true
      less:
        optional: true
      lightningcss:
        optional: true
      sass:
        optional: true
      sass-embedded:
        optional: true
      stylus:
        optional: true
      sugarss:
        optional: true
      terser:
        optional: true

  vitefu@0.2.5:
    resolution: {integrity: sha512-SgHtMLoqaeeGnd2evZ849ZbACbnwQCIwRH57t18FxcXoZop0uQu0uzlIhJBlF/eWVzuce0sHeqPcDo+evVcg8Q==}
    peerDependencies:
      vite: ^3.0.0 || ^4.0.0 || ^5.0.0
    peerDependenciesMeta:
      vite:
        optional: true

snapshots:

  '@ampproject/remapping@2.3.0':
    dependencies:
      '@jridgewell/gen-mapping': 0.3.13
      '@jridgewell/trace-mapping': 0.3.31

  '@esbuild/aix-ppc64@0.21.5':
    optional: true

  '@esbuild/android-arm64@0.21.5':
    optional: true

  '@esbuild/android-arm@0.21.5':
    optional: true

  '@esbuild/android-x64@0.21.5':
    optional: true

  '@esbuild/darwin-arm64@0.21.5':
    optional: true

  '@esbuild/darwin-x64@0.21.5':
    optional: true

  '@esbuild/freebsd-arm64@0.21.5':
    optional: true

  '@esbuild/freebsd-x64@0.21.5':
    optional: true

  '@esbuild/linux-arm64@0.21.5':
    optional: true

  '@esbuild/linux-arm@0.21.5':
    optional: true

  '@esbuild/linux-ia32@0.21.5':
    optional: true

  '@esbuild/linux-loong64@0.21.5':
    optional: true

  '@esbuild/linux-mips64el@0.21.5':
    optional: true

  '@esbuild/linux-ppc64@0.21.5':
    optional: true

  '@esbuild/linux-riscv64@0.21.5':
    optional: true

  '@esbuild/linux-s390x@0.21.5':
    optional: true

  '@esbuild/linux-x64@0.21.5':
    optional: true

  '@esbuild/netbsd-x64@0.21.5':
    optional: true

  '@esbuild/openbsd-x64@0.21.5':
    optional: true

  '@esbuild/sunos-x64@0.21.5':
    optional: true

  '@esbuild/win32-arm64@0.21.5':
    optional: true

  '@esbuild/win32-ia32@0.21.5':
    optional: true

  '@esbuild/win32-x64@0.21.5':
    optional: true

  '@floating-ui/core@1.7.5':
    dependencies:
      '@floating-ui/utils': 0.2.11

  '@floating-ui/dom@1.2.8':
    dependencies:
      '@floating-ui/core': 1.7.5

  '@floating-ui/utils@0.2.11': {}

  '@jridgewell/gen-mapping@0.3.13':
    dependencies:
      '@jridgewell/sourcemap-codec': 1.5.5
      '@jridgewell/trace-mapping': 0.3.31

  '@jridgewell/resolve-uri@3.1.2': {}

  '@jridgewell/sourcemap-codec@1.5.5': {}

  '@jridgewell/trace-mapping@0.3.31':
    dependencies:
      '@jridgewell/resolve-uri': 3.1.2
      '@jridgewell/sourcemap-codec': 1.5.5

  '@parcel/watcher-android-arm64@2.5.6':
    optional: true

  '@parcel/watcher-darwin-arm64@2.5.6':
    optional: true

  '@parcel/watcher-darwin-x64@2.5.6':
    optional: true

  '@parcel/watcher-freebsd-x64@2.5.6':
    optional: true

  '@parcel/watcher-linux-arm-glibc@2.5.6':
    optional: true

  '@parcel/watcher-linux-arm-musl@2.5.6':
    optional: true

  '@parcel/watcher-linux-arm64-glibc@2.5.6':
    optional: true

  '@parcel/watcher-linux-arm64-musl@2.5.6':
    optional: true

  '@parcel/watcher-linux-x64-glibc@2.5.6':
    optional: true

  '@parcel/watcher-linux-x64-musl@2.5.6':
    optional: true

  '@parcel/watcher-win32-arm64@2.5.6':
    optional: true

  '@parcel/watcher-win32-ia32@2.5.6':
    optional: true

  '@parcel/watcher-win32-x64@2.5.6':
    optional: true

  '@parcel/watcher@2.5.6':
    dependencies:
      detect-libc: 2.1.2
      is-glob: 4.0.3
      node-addon-api: 7.1.1
      picomatch: 4.0.4
    optionalDependencies:
      '@parcel/watcher-android-arm64': 2.5.6
      '@parcel/watcher-darwin-arm64': 2.5.6
      '@parcel/watcher-darwin-x64': 2.5.6
      '@parcel/watcher-freebsd-x64': 2.5.6
      '@parcel/watcher-linux-arm-glibc': 2.5.6
      '@parcel/watcher-linux-arm-musl': 2.5.6
      '@parcel/watcher-linux-arm64-glibc': 2.5.6
      '@parcel/watcher-linux-arm64-musl': 2.5.6
      '@parcel/watcher-linux-x64-glibc': 2.5.6
      '@parcel/watcher-linux-x64-musl': 2.5.6
      '@parcel/watcher-win32-arm64': 2.5.6
      '@parcel/watcher-win32-ia32': 2.5.6
      '@parcel/watcher-win32-x64': 2.5.6
    optional: true

  '@rollup/rollup-android-arm-eabi@4.61.0':
    optional: true

  '@rollup/rollup-android-arm64@4.61.0':
    optional: true

  '@rollup/rollup-darwin-arm64@4.61.0':
    optional: true

  '@rollup/rollup-darwin-x64@4.61.0':
    optional: true

  '@rollup/rollup-freebsd-arm64@4.61.0':
    optional: true

  '@rollup/rollup-freebsd-x64@4.61.0':
    optional: true

  '@rollup/rollup-linux-arm-gnueabihf@4.61.0':
    optional: true

  '@rollup/rollup-linux-arm-musleabihf@4.61.0':
    optional: true

  '@rollup/rollup-linux-arm64-gnu@4.61.0':
    optional: true

  '@rollup/rollup-linux-arm64-musl@4.61.0':
    optional: true

  '@rollup/rollup-linux-loong64-gnu@4.61.0':
    optional: true

  '@rollup/rollup-linux-loong64-musl@4.61.0':
    optional: true

  '@rollup/rollup-linux-ppc64-gnu@4.61.0':
    optional: true

  '@rollup/rollup-linux-ppc64-musl@4.61.0':
    optional: true

  '@rollup/rollup-linux-riscv64-gnu@4.61.0':
    optional: true

  '@rollup/rollup-linux-riscv64-musl@4.61.0':
    optional: true

  '@rollup/rollup-linux-s390x-gnu@4.61.0':
    optional: true

  '@rollup/rollup-linux-x64-gnu@4.61.0':
    optional: true

  '@rollup/rollup-linux-x64-musl@4.61.0':
    optional: true

  '@rollup/rollup-openbsd-x64@4.61.0':
    optional: true

  '@rollup/rollup-openharmony-arm64@4.61.0':
    optional: true

  '@rollup/rollup-win32-arm64-msvc@4.61.0':
    optional: true

  '@rollup/rollup-win32-ia32-msvc@4.61.0':
    optional: true

  '@rollup/rollup-win32-x64-gnu@4.61.0':
    optional: true

  '@rollup/rollup-win32-x64-msvc@4.61.0':
    optional: true

  '@stitches/core@1.2.8': {}

  '@sveltejs/vite-plugin-svelte-inspector@2.1.0(@sveltejs/vite-plugin-svelte@3.1.2(svelte@4.2.20)(vite@5.4.21(sass@1.100.0)))(svelte@4.2.20)(vite@5.4.21(sass@1.100.0))':
    dependencies:
      '@sveltejs/vite-plugin-svelte': 3.1.2(svelte@4.2.20)(vite@5.4.21(sass@1.100.0))
      debug: 4.4.3
      svelte: 4.2.20
      vite: 5.4.21(sass@1.100.0)
    transitivePeerDependencies:
      - supports-color

  '@sveltejs/vite-plugin-svelte@3.1.2(svelte@4.2.20)(vite@5.4.21(sass@1.100.0))':
    dependencies:
      '@sveltejs/vite-plugin-svelte-inspector': 2.1.0(@sveltejs/vite-plugin-svelte@3.1.2(svelte@4.2.20)(vite@5.4.21(sass@1.100.0)))(svelte@4.2.20)(vite@5.4.21(sass@1.100.0))
      debug: 4.4.3
      deepmerge: 4.3.1
      kleur: 4.1.5
      magic-string: 0.30.21
      svelte: 4.2.20
      svelte-hmr: 0.16.0(svelte@4.2.20)
      vite: 5.4.21(sass@1.100.0)
      vitefu: 0.2.5(vite@5.4.21(sass@1.100.0))
    transitivePeerDependencies:
      - supports-color

  '@svelteuidev/composables@0.15.7(svelte@4.2.20)':
    dependencies:
      svelte: 4.2.20

  '@svelteuidev/core@0.15.7(@svelteuidev/composables@0.15.7(svelte@4.2.20))(svelte@4.2.20)':
    dependencies:
      '@floating-ui/dom': 1.2.8
      '@stitches/core': 1.2.8
      '@svelteuidev/composables': 0.15.7(svelte@4.2.20)
      svelte: 4.2.20

  '@tsconfig/svelte@5.0.8': {}

  '@types/estree@1.0.9': {}

  '@types/trusted-types@2.0.7':
    optional: true

  acorn@8.16.0: {}

  aria-query@5.3.2: {}

  axobject-query@4.1.0: {}

  chokidar@4.0.3:
    dependencies:
      readdirp: 4.1.2

  chokidar@5.0.0:
    dependencies:
      readdirp: 5.0.0

  code-red@1.0.4:
    dependencies:
      '@jridgewell/sourcemap-codec': 1.5.5
      '@types/estree': 1.0.9
      acorn: 8.16.0
      estree-walker: 3.0.3
      periscopic: 3.1.0

  css-tree@2.3.1:
    dependencies:
      mdn-data: 2.0.30
      source-map-js: 1.2.1

  debug@4.4.3:
    dependencies:
      ms: 2.1.3

  deepmerge@4.3.1: {}

  detect-libc@2.1.2:
    optional: true

  dompurify@3.4.8:
    optionalDependencies:
      '@types/trusted-types': 2.0.7

  esbuild@0.21.5:
    optionalDependencies:
      '@esbuild/aix-ppc64': 0.21.5
      '@esbuild/android-arm': 0.21.5
      '@esbuild/android-arm64': 0.21.5
      '@esbuild/android-x64': 0.21.5
      '@esbuild/darwin-arm64': 0.21.5
      '@esbuild/darwin-x64': 0.21.5
      '@esbuild/freebsd-arm64': 0.21.5
      '@esbuild/freebsd-x64': 0.21.5
      '@esbuild/linux-arm': 0.21.5
      '@esbuild/linux-arm64': 0.21.5
      '@esbuild/linux-ia32': 0.21.5
      '@esbuild/linux-loong64': 0.21.5
      '@esbuild/linux-mips64el': 0.21.5
      '@esbuild/linux-ppc64': 0.21.5
      '@esbuild/linux-riscv64': 0.21.5
      '@esbuild/linux-s390x': 0.21.5
      '@esbuild/linux-x64': 0.21.5
      '@esbuild/netbsd-x64': 0.21.5
      '@esbuild/openbsd-x64': 0.21.5
      '@esbuild/sunos-x64': 0.21.5
      '@esbuild/win32-arm64': 0.21.5
      '@esbuild/win32-ia32': 0.21.5
      '@esbuild/win32-x64': 0.21.5

  estree-walker@3.0.3:
    dependencies:
      '@types/estree': 1.0.9

  fdir@6.5.0(picomatch@4.0.4):
    optionalDependencies:
      picomatch: 4.0.4

  fsevents@2.3.3:
    optional: true

  immutable@5.1.6: {}

  is-extglob@2.1.1:
    optional: true

  is-glob@4.0.3:
    dependencies:
      is-extglob: 2.1.1
    optional: true

  is-reference@3.0.3:
    dependencies:
      '@types/estree': 1.0.9

  kleur@4.1.5: {}

  locate-character@3.0.0: {}

  magic-string@0.30.21:
    dependencies:
      '@jridgewell/sourcemap-codec': 1.5.5

  marked@18.0.4: {}

  mdn-data@2.0.30: {}

  mri@1.2.0: {}

  ms@2.1.3: {}

  nanoid@3.3.12: {}

  node-addon-api@7.1.1:
    optional: true

  periscopic@3.1.0:
    dependencies:
      '@types/estree': 1.0.9
      estree-walker: 3.0.3
      is-reference: 3.0.3

  picocolors@1.1.1: {}

  picomatch@4.0.4:
    optional: true

  postcss@8.5.15:
    dependencies:
      nanoid: 3.3.12
      picocolors: 1.1.1
      source-map-js: 1.2.1

  readdirp@4.1.2: {}

  readdirp@5.0.0: {}

  rollup@4.61.0:
    dependencies:
      '@types/estree': 1.0.9
    optionalDependencies:
      '@rollup/rollup-android-arm-eabi': 4.61.0
      '@rollup/rollup-android-arm64': 4.61.0
      '@rollup/rollup-darwin-arm64': 4.61.0
      '@rollup/rollup-darwin-x64': 4.61.0
      '@rollup/rollup-freebsd-arm64': 4.61.0
      '@rollup/rollup-freebsd-x64': 4.61.0
      '@rollup/rollup-linux-arm-gnueabihf': 4.61.0
      '@rollup/rollup-linux-arm-musleabihf': 4.61.0
      '@rollup/rollup-linux-arm64-gnu': 4.61.0
      '@rollup/rollup-linux-arm64-musl': 4.61.0
      '@rollup/rollup-linux-loong64-gnu': 4.61.0
      '@rollup/rollup-linux-loong64-musl': 4.61.0
      '@rollup/rollup-linux-ppc64-gnu': 4.61.0
      '@rollup/rollup-linux-ppc64-musl': 4.61.0
      '@rollup/rollup-linux-riscv64-gnu': 4.61.0
      '@rollup/rollup-linux-riscv64-musl': 4.61.0
      '@rollup/rollup-linux-s390x-gnu': 4.61.0
      '@rollup/rollup-linux-x64-gnu': 4.61.0
      '@rollup/rollup-linux-x64-musl': 4.61.0
      '@rollup/rollup-openbsd-x64': 4.61.0
      '@rollup/rollup-openharmony-arm64': 4.61.0
      '@rollup/rollup-win32-arm64-msvc': 4.61.0
      '@rollup/rollup-win32-ia32-msvc': 4.61.0
      '@rollup/rollup-win32-x64-gnu': 4.61.0
      '@rollup/rollup-win32-x64-msvc': 4.61.0
      fsevents: 2.3.3

  sade@1.8.1:
    dependencies:
      mri: 1.2.0

  sass@1.100.0:
    dependencies:
      chokidar: 5.0.0
      immutable: 5.1.6
      source-map-js: 1.2.1
    optionalDependencies:
      '@parcel/watcher': 2.5.6

  source-map-js@1.2.1: {}

  svelte-check@4.5.0(picomatch@4.0.4)(svelte@4.2.20)(typescript@5.9.3):
    dependencies:
      '@jridgewell/trace-mapping': 0.3.31
      chokidar: 4.0.3
      fdir: 6.5.0(picomatch@4.0.4)
      picocolors: 1.1.1
      sade: 1.8.1
      svelte: 4.2.20
      typescript: 5.9.3
    transitivePeerDependencies:
      - picomatch

  svelte-hmr@0.16.0(svelte@4.2.20):
    dependencies:
      svelte: 4.2.20

  svelte-preprocess@6.0.5(postcss@8.5.15)(sass@1.100.0)(svelte@4.2.20)(typescript@5.9.3):
    dependencies:
      svelte: 4.2.20
    optionalDependencies:
      postcss: 8.5.15
      sass: 1.100.0
      typescript: 5.9.3

  svelte@4.2.20:
    dependencies:
      '@ampproject/remapping': 2.3.0
      '@jridgewell/sourcemap-codec': 1.5.5
      '@jridgewell/trace-mapping': 0.3.31
      '@types/estree': 1.0.9
      acorn: 8.16.0
      aria-query: 5.3.2
      axobject-query: 4.1.0
      code-red: 1.0.4
      css-tree: 2.3.1
      estree-walker: 3.0.3
      is-reference: 3.0.3
      locate-character: 3.0.0
      magic-string: 0.30.21
      periscopic: 3.1.0

  tslib@2.8.1: {}

  typescript@5.9.3: {}

  vite@5.4.21(sass@1.100.0):
    dependencies:
      esbuild: 0.21.5
      postcss: 8.5.15
      rollup: 4.61.0
    optionalDependencies:
      fsevents: 2.3.3
      sass: 1.100.0

  vitefu@0.2.5(vite@5.4.21(sass@1.100.0)):
    optionalDependencies:
      vite: 5.4.21(sass@1.100.0)
